
Microsoft Visual Studio Solution File, Format Version 12.00
# Visual Studio Version 16
VisualStudioVersion = 16.0.30204.135
MinimumVisualStudioVersion = 10.0.40219.1
Project("{FAE04EC0-301F-11D3-BF4B-00C04F79EFBC}") = "sample_4_10", "sample_4_10\sample_4_10.csproj", "{0BA701CA-DFDB-4117-BB4C-4684C5F5D1F2}"
EndProject
Global
	GlobalSection(SolutionConfigurationPlatforms) = preSolution
		Debug|Any CPU = Debug|Any CPU
		Release|Any CPU = Release|Any CPU
	EndGlobalSection
	GlobalSection(ProjectConfigurationPlatforms) = postSolution
		{0BA701CA-DFDB-4117-BB4C-4684C5F5D1F2}.Debug|Any CPU.ActiveCfg = Debug|Any CPU
		{0BA701CA-DFDB-4117-BB4C-4684C5F5D1F2}.Debug|Any CPU.Build.0 = Debug|Any CPU
		{0BA701CA-DFDB-4117-BB4C-4684C5F5D1F2}.Release|Any CPU.ActiveCfg = Release|Any CPU
		{0BA701CA-DFDB-4117-BB4C-4684C5F5D1F2}.Release|Any CPU.Build.0 = Release|Any CPU
	EndGlobalSection
	GlobalSection(SolutionProperties) = preSolution
		HideSolutionNode = FALSE
	EndGlobalSection
	GlobalSection(ExtensibilityGlobals) = postSolution
		SolutionGuid = {F462031D-375E-4AA6-9021-6997AC1C870E}
	EndGlobalSection
EndGlobal
